// !$*UTF8*$!
{
	archiveVersion = 1;
	classes = {
	};
	objectVersion = 46;
	objects = {

/* Begin PBXBuildFile section */
		FA91FF8E1CF061A7003F9C92 /* AppDelegate.swift in Sources */ = {isa = PBXBuildFile; fileRef = FA91FF8D1CF061A7003F9C92 /* AppDelegate.swift */; };
		FA91FF901CF061A7003F9C92 /* ViewController.swift in Sources */ = {isa = PBXBuildFile; fileRef = FA91FF8F1CF061A7003F9C92 /* ViewController.swift */; };
		FA91FF931CF061A7003F9C92 /* Main.storyboard in Resources */ = {isa = PBXBuildFile; fileRef = FA91FF911CF061A7003F9C92 /* Main.storyboard */; };
		FA91FF951CF061A7003F9C92 /* Assets.xcassets in Resources */ = {isa = PBXBuildFile; fileRef = FA91FF941CF061A7003F9C92 /* Assets.xcassets */; };
		FA91FF981CF061A7003F9C92 /* LaunchScreen.storyboard in Resources */ = {isa = PBXBuildFile; fileRef = FA91FF961CF061A7003F9C92 /* LaunchScreen.storyboard */; };
		FA91FFA31CF061A7003F9C92 /* FiltererTests.swift in Sources */ = {isa = PBXBuildFile; fileRef = FA91FFA21CF061A7003F9C92 /* FiltererTests.swift */; };
		FA91FFAE1CF061A7003F9C92 /* FiltererUITests.swift in Sources */ = {isa = PBXBuildFile; fileRef = FA91FFAD1CF061A7003F9C92 /* FiltererUITests.swift */; };
		FA91FFBC1CF062A1003F9C92 /* RGBAImage.swift in Sources */ = {isa = PBXBuildFile; fileRef = FA91FFBB1CF062A1003F9C92 /* RGBAImage.swift */; };
		FAE1F9721CF9BEFD00A4D6B3 /* TableViewController.swift in Sources */ = {isa = PBXBuildFile; fileRef = FAE1F9711CF9BEFD00A4D6B3 /* TableViewController.swift */; };
/* End PBXBuildFile section */

/* Begin PBXContainerItemProxy section */
		FA91FF9F1CF061A7003F9C92 /* PBXContainerItemProxy */ = {
			isa = PBXContainerItemProxy;
			containerPortal = FA91FF821CF061A7003F9C92 /* Project object */;
			proxyType = 1;
			remoteGlobalIDString = FA91FF891CF061A7003F9C92;
			remoteInfo = Filterer;
		};
		FA91FFAA1CF061A7003F9C92 /* PBXContainerItemProxy */ = {
			isa = PBXContainerItemProxy;
			containerPortal = FA91FF821CF061A7003F9C92 /* Project object */;
			proxyType = 1;
			remoteGlobalIDString = FA91FF891CF061A7003F9C92;
			remoteInfo = Filterer;
		};
/* End PBXContainerItemProxy section */

/* Begin PBXFileReference section */
		FA91FF8A1CF061A7003F9C92 /* Filterer.app */ = {isa = PBXFileReference; explicitFileType = wrapper.application; includeInIndex = 0; path = Filterer.app; sourceTree = BUILT_PRODUCTS_DIR; };
		FA91FF8D1CF061A7003F9C92 /* AppDelegate.swift */ = {isa = PBXFileReference; lastKnownFileType = sourcecode.swift; path = AppDelegate.swift; sourceTree = "<group>"; };
		FA91FF8F1CF061A7003F9C92 /* ViewController.swift */ = {isa = PBXFileReference; lastKnownFileType = sourcecode.swift; path = ViewController.swift; sourceTree = "<group>"; };
		FA91FF921CF061A7003F9C92 /* Base */ = {isa = PBXFileReference; lastKnownFileType = file.storyboard; name = Base; path = Base.lproj/Main.storyboard; sourceTree = "<group>"; };
		FA91FF941CF061A7003F9C92 /* Assets.xcassets */ = {isa = PBXFileReference; lastKnownFileType = folder.assetcatalog; path = Assets.xcassets; sourceTree = "<group>"; };
		FA91FF971CF061A7003F9C92 /* Base */ = {isa = PBXFileReference; lastKnownFileType = file.storyboard; name = Base; path = Base.lproj/LaunchScreen.storyboard; sourceTree = "<group>"; };
		FA91FF991CF061A7003F9C92 /* Info.plist */ = {isa = PBXFileReference; lastKnownFileType = text.plist.xml; path = Info.plist; sourceTree = "<group>"; };
		FA91FF9E1CF061A7003F9C92 /* FiltererTests.xctest */ = {isa = PBXFileReference; explicitFileType = wrapper.cfbundle; includeInIndex = 0; path = FiltererTests.xctest; sourceTree = BUILT_PRODUCTS_DIR; };
		FA91FFA21CF061A7003F9C92 /* FiltererTests.swift */ = {isa = PBXFileReference; lastKnownFileType = sourcecode.swift; path = FiltererTests.swift; sourceTree = "<group>"; };
		FA91FFA41CF061A7003F9C92 /* Info.plist */ = {isa = PBXFileReference; lastKnownFileType = text.plist.xml; path = Info.plist; sourceTree = "<group>"; };
		FA91FFA91CF061A7003F9C92 /* FiltererUITests.xctest */ = {isa = PBXFileReference; explicitFileType = wrapper.cfbundle; includeInIndex = 0; path = FiltererUITests.xctest; sourceTree = BUILT_PRODUCTS_DIR; };
		FA91FFAD1CF061A7003F9C92 /* FiltererUITests.swift */ = {isa = PBXFileReference; lastKnownFileType = sourcecode.swift; path = FiltererUITests.swift; sourceTree = "<group>"; };
		FA91FFAF1CF061A7003F9C92 /* Info.plist */ = {isa = PBXFileReference; lastKnownFileType = text.plist.xml; path = Info.plist; sourceTree = "<group>"; };
		FA91FFBB1CF062A1003F9C92 /* RGBAImage.swift */ = {isa = PBXFileReference; fileEncoding = 4; lastKnownFileType = sourcecode.swift; path = RGBAImage.swift; sourceTree = "<group>"; };
		FAE1F9711CF9BEFD00A4D6B3 /* TableViewController.swift */ = {isa = PBXFileReference; fileEncoding = 4; lastKnownFileType = sourcecode.swift; path = TableViewController.swift; sourceTree = "<group>"; };
/* End PBXFileReference section */

/* Begin PBXFrameworksBuildPhase section */
		FA91FF871CF061A7003F9C92 /* Frameworks */ = {
			isa = PBXFrameworksBuildPhase;
			buildActionMask = 2147483647;
			files = (
			);
			runOnlyForDeploymentPostprocessing = 0;
		};
		FA91FF9B1CF061A7003F9C92 /* Frameworks */ = {
			isa = PBXFrameworksBuildPhase;
			buildActionMask = 2147483647;
			files = (
			);
			runOnlyForDeploymentPostprocessing = 0;
		};
		FA91FFA61CF061A7003F9C92 /* Frameworks */ = {
			isa = PBXFrameworksBuildPhase;
			buildActionMask = 2147483647;
			files = (
			);
			runOnlyForDeploymentPostprocessing = 0;
		};
/* End PBXFrameworksBuildPhase section */

/* Begin PBXGroup section */
		FA91FF811CF061A7003F9C92 = {
			isa = PBXGroup;
			children = (
				FA91FF8C1CF061A7003F9C92 /* Filterer */,
				FA91FFA11CF061A7003F9C92 /* FiltererTests */,
				FA91FFAC1CF061A7003F9C92 /* FiltererUITests */,
				FA91FF8B1CF061A7003F9C92 /* Products */,
			);
			sourceTree = "<group>";
		};
		FA91FF8B1CF061A7003F9C92 /* Products */ = {
			isa = PBXGroup;
			children = (
				FA91FF8A1CF061A7003F9C92 /* Filterer.app */,
				FA91FF9E1CF061A7003F9C92 /* FiltererTests.xctest */,
				FA91FFA91CF061A7003F9C92 /* FiltererUITests.xctest */,
			);
			name = Products;
			sourceTree = "<group>";
		};
		FA91FF8C1CF061A7003F9C92 /* Filterer */ = {
			isa = PBXGroup;
			children = (
				FA91FFBB1CF062A1003F9C92 /* RGBAImage.swift */,
				FA91FF8D1CF061A7003F9C92 /* AppDelegate.swift */,
				FA91FF8F1CF061A7003F9C92 /* ViewController.swift */,
				FA91FF911CF061A7003F9C92 /* Main.storyboard */,
				FA91FF941CF061A7003F9C92 /* Assets.xcassets */,
				FA91FF961CF061A7003F9C92 /* LaunchScreen.storyboard */,
				FA91FF991CF061A7003F9C92 /* Info.plist */,
				FAE1F9711CF9BEFD00A4D6B3 /* TableViewController.swift */,
			);
			path = Filterer;
			sourceTree = "<group>";
		};
		FA91FFA11CF061A7003F9C92 /* FiltererTests */ = {
			isa = PBXGroup;
			children = (
				FA91FFA21CF061A7003F9C92 /* FiltererTests.swift */,
				FA91FFA41CF061A7003F9C92 /* Info.plist */,
			);
			path = FiltererTests;
			sourceTree = "<group>";
		};
		FA91FFAC1CF061A7003F9C92 /* FiltererUITests */ = {
			isa = PBXGroup;
			children = (
				FA91FFAD1CF061A7003F9C92 /* FiltererUITests.swift */,
				FA91FFAF1CF061A7003F9C92 /* Info.plist */,
			);
			path = FiltererUITests;
			sourceTree = "<group>";
		};
/* End PBXGroup section */

/* Begin PBXNativeTarget section */
		FA91FF891CF061A7003F9C92 /* Filterer */ = {
			isa = PBXNativeTarget;
			buildConfigurationList = FA91FFB21CF061A7003F9C92 /* Build configuration list for PBXNativeTarget "Filterer" */;
			buildPhases = (
				FA91FF861CF061A7003F9C92 /* Sources */,
				FA91FF871CF061A7003F9C92 /* Frameworks */,
				FA91FF881CF061A7003F9C92 /* Resources */,
			);
			buildRules = (
			);
			dependencies = (
			);
			name = Filterer;
			productName = Filterer;
			productReference = FA91FF8A1CF061A7003F9C92 /* Filterer.app */;
			productType = "com.apple.product-type.application";
		};
		FA91FF9D1CF061A7003F9C92 /* FiltererTests */ = {
			isa = PBXNativeTarget;
			buildConfigurationList = FA91FFB51CF061A7003F9C92 /* Build configuration list for PBXNativeTarget "FiltererTests" */;
			buildPhases = (
				FA91FF9A1CF061A7003F9C92 /* Sources */,
				FA91FF9B1CF061A7003F9C92 /* Frameworks */,
				FA91FF9C1CF061A7003F9C92 /* Resources */,
			);
			buildRules = (
			);
			dependencies = (
				FA91FFA01CF061A7003F9C92 /* PBXTargetDependency */,
			);
			name = FiltererTests;
			productName = FiltererTests;
			productReference = FA91FF9E1CF061A7003F9C92 /* FiltererTests.xctest */;
			productType = "com.apple.product-type.bundle.unit-test";
		};
		FA91FFA81CF061A7003F9C92 /* FiltererUITests */ = {
			isa = PBXNativeTarget;
			buildConfigurationList = FA91FFB81CF061A7003F9C92 /* Build configuration list for PBXNativeTarget "FiltererUITests" */;
			buildPhases = (
				FA91FFA51CF061A7003F9C92 /* Sources */,
				FA91FFA61CF061A7003F9C92 /* Frameworks */,
				FA91FFA71CF061A7003F9C92 /* Resources */,
			);
			buildRules = (
			);
			dependencies = (
				FA91FFAB1CF061A7003F9C92 /* PBXTargetDependency */,
			);
			name = FiltererUITests;
			productName = FiltererUITests;
			productReference = FA91FFA91CF061A7003F9C92 /* FiltererUITests.xctest */;
			productType = "com.apple.product-type.bundle.ui-testing";
		};
/* End PBXNativeTarget section */

/* Begin PBXProject section */
		FA91FF821CF061A7003F9C92 /* Project object */ = {
			isa = PBXProject;
			attributes = {
				LastSwiftUpdateCheck = 0720;
				LastUpgradeCheck = 0720;
				ORGANIZATIONNAME = KKY;
				TargetAttributes = {
					FA91FF891CF061A7003F9C92 = {
						CreatedOnToolsVersion = 7.2.1;
					};
					FA91FF9D1CF061A7003F9C92 = {
						CreatedOnToolsVersion = 7.2.1;
						TestTargetID = FA91FF891CF061A7003F9C92;
					};
					FA91FFA81CF061A7003F9C92 = {
						CreatedOnToolsVersion = 7.2.1;
						TestTargetID = FA91FF891CF061A7003F9C92;
					};
				};
			};
			buildConfigurationList = FA91FF851CF061A7003F9C92 /* Build configuration list for PBXProject "Filterer" */;
			compatibilityVersion = "Xcode 3.2";
			developmentRegion = English;
			hasScannedForEncodings = 0;
			knownRegions = (
				en,
				Base,
			);
			mainGroup = FA91FF811CF061A7003F9C92;
			productRefGroup = FA91FF8B1CF061A7003F9C92 /* Products */;
			projectDirPath = "";
			projectRoot = "";
			targets = (
				FA91FF891CF061A7003F9C92 /* Filterer */,
				FA91FF9D1CF061A7003F9C92 /* FiltererTests */,
				FA91FFA81CF061A7003F9C92 /* FiltererUITests */,
			);
		};
/* End PBXProject section */

/* Begin PBXResourcesBuildPhase section */
		FA91FF881CF061A7003F9C92 /* Resources */ = {
			isa = PBXResourcesBuildPhase;
			buildActionMask = 2147483647;
			files = (
				FA91FF981CF061A7003F9C92 /* LaunchScreen.storyboard in Resources */,
				FA91FF951CF061A7003F9C92 /* Assets.xcassets in Resources */,
				FA91FF931CF061A7003F9C92 /* Main.storyboard in Resources */,
			);
			runOnlyForDeploymentPostprocessing = 0;
		};
		FA91FF9C1CF061A7003F9C92 /* Resources */ = {
			isa = PBXResourcesBuildPhase;
			buildActionMask = 2147483647;
			files = (
			);
			runOnlyForDeploymentPostprocessing = 0;
		};
		FA91FFA71CF061A7003F9C92 /* Resources */ = {
			isa = PBXResourcesBuildPhase;
			buildActionMask = 2147483647;
			files = (
			);
			runOnlyForDeploymentPostprocessing = 0;
		};
/* End PBXResourcesBuildPhase section */

/* Begin PBXSourcesBuildPhase section */
		FA91FF861CF061A7003F9C92 /* Sources */ = {
			isa = PBXSourcesBuildPhase;
			buildActionMask = 2147483647;
			files = (
				FA91FF901CF061A7003F9C92 /* ViewController.swift in Sources */,
				FA91FFBC1CF062A1003F9C92 /* RGBAImage.swift in Sources */,
				FA91FF8E1CF061A7003F9C92 /* AppDelegate.swift in Sources */,
				FAE1F9721CF9BEFD00A4D6B3 /* TableViewController.swift in Sources */,
			);
			runOnlyForDeploymentPostprocessing = 0;
		};
		FA91FF9A1CF061A7003F9C92 /* Sources */ = {
			isa = PBXSourcesBuildPhase;
			buildActionMask = 2147483647;
			files = (
				FA91FFA31CF061A7003F9C92 /* FiltererTests.swift in Sources */,
			);
			runOnlyForDeploymentPostprocessing = 0;
		};
		FA91FFA51CF061A7003F9C92 /* Sources */ = {
			isa = PBXSourcesBuildPhase;
			buildActionMask = 2147483647;
			files = (
				FA91FFAE1CF061A7003F9C92 /* FiltererUITests.swift in Sources */,
			);
			runOnlyForDeploymentPostprocessing = 0;
		};
/* End PBXSourcesBuildPhase section */

/* Begin PBXTargetDependency section */
		FA91FFA01CF061A7003F9C92 /* PBXTargetDependency */ = {
			isa = PBXTargetDependency;
			target = FA91FF891CF061A7003F9C92 /* Filterer */;
			targetProxy = FA91FF9F1CF061A7003F9C92 /* PBXContainerItemProxy */;
		};
		FA91FFAB1CF061A7003F9C92 /* PBXTargetDependency */ = {
			isa = PBXTargetDependency;
			target = FA91FF891CF061A7003F9C92 /* Filterer */;
			targetProxy = FA91FFAA1CF061A7003F9C92 /* PBXContainerItemProxy */;
		};
/* End PBXTargetDependency section */

/* Begin PBXVariantGroup section */
		FA91FF911CF061A7003F9C92 /* Main.storyboard */ = {
			isa = PBXVariantGroup;
			children = (
				FA91FF921CF061A7003F9C92 /* Base */,
			);
			name = Main.storyboard;
			sourceTree = "<group>";
		};
		FA91FF961CF061A7003F9C92 /* LaunchScreen.storyboard */ = {
			isa = PBXVariantGroup;
			children = (
				FA91FF971CF061A7003F9C92 /* Base */,
			);
			name = LaunchScreen.storyboard;
			sourceTree = "<group>";
		};
/* End PBXVariantGroup section */

/* Begin XCBuildConfiguration section */
		FA91FFB01CF061A7003F9C92 /* Debug */ = {
			isa = XCBuildConfiguration;
			buildSettings = {
				ALWAYS_SEARCH_USER_PATHS = NO;
				CLANG_CXX_LANGUAGE_STANDARD = "gnu++0x";
				CLANG_CXX_LIBRARY = "libc++";
				CLANG_ENABLE_MODULES = YES;
				CLANG_ENABLE_OBJC_ARC = YES;
				CLANG_WARN_BOOL_CONVERSION = YES;
				CLANG_WARN_CONSTANT_CONVERSION = YES;
				CLANG_WARN_DIRECT_OBJC_ISA_USAGE = YES_ERROR;
				CLANG_WARN_EMPTY_BODY = YES;
				CLANG_WARN_ENUM_CONVERSION = YES;
				CLANG_WARN_INT_CONVERSION = YES;
				CLANG_WARN_OBJC_ROOT_CLASS = YES_ERROR;
				CLANG_WARN_UNREACHABLE_CODE = YES;
				CLANG_WARN__DUPLICATE_METHOD_MATCH = YES;
				"CODE_SIGN_IDENTITY[sdk=iphoneos*]" = "iPhone Developer";
				COPY_PHASE_STRIP = NO;
				DEBUG_INFORMATION_FORMAT = dwarf;
				ENABLE_STRICT_OBJC_MSGSEND = YES;
				ENABLE_TESTABILITY = YES;
				GCC_C_LANGUAGE_STANDARD = gnu99;
				GCC_DYNAMIC_NO_PIC = NO;
				GCC_NO_COMMON_BLOCKS = YES;
				GCC_OPTIMIZATION_LEVEL = 0;
				GCC_PREPROCESSOR_DEFINITIONS = (
					"DEBUG=1",
					"$(inherited)",
				);
				GCC_WARN_64_TO_32_BIT_CONVERSION = YES;
				GCC_WARN_ABOUT_RETURN_TYPE = YES_ERROR;
				GCC_WARN_UNDECLARED_SELECTOR = YES;
				GCC_WARN_UNINITIALIZED_AUTOS = YES_AGGRESSIVE;
				GCC_WARN_UNUSED_FUNCTION = YES;
				GCC_WARN_UNUSED_VARIABLE = YES;
				IPHONEOS_DEPLOYMENT_TARGET = 9.2;
				MTL_ENABLE_DEBUG_INFO = YES;
				ONLY_ACTIVE_ARCH = YES;
				SDKROOT = iphoneos;
				SWIFT_OPTIMIZATION_LEVEL = "-Onone";
				TARGETED_DEVICE_FAMILY = "1,2";
			};
			name = Debug;
		};
		FA91FFB11CF061A7003F9C92 /* Release */ = {
			isa = XCBuildConfiguration;
			buildSettings = {
				ALWAYS_SEARCH_USER_PATHS = NO;
				CLANG_CXX_LANGUAGE_STANDARD = "gnu++0x";
				CLANG_CXX_LIBRARY = "libc++";
				CLANG_ENABLE_MODULES = YES;
				CLANG_ENABLE_OBJC_ARC = YES;
				CLANG_WARN_BOOL_CONVERSION = YES;
				CLANG_WARN_CONSTANT_CONVERSION = YES;
				CLANG_WARN_DIRECT_OBJC_ISA_USAGE = YES_ERROR;
				CLANG_WARN_EMPTY_BODY = YES;
				CLANG_WARN_ENUM_CONVERSION = YES;
				CLANG_WARN_INT_CONVERSION = YES;
				CLANG_WARN_OBJC_ROOT_CLASS = YES_ERROR;
				CLANG_WARN_UNREACHABLE_CODE = YES;
				CLANG_WARN__DUPLICATE_METHOD_MATCH = YES;
				"CODE_SIGN_IDENTITY[sdk=iphoneos*]" = "iPhone Developer";
				COPY_PHASE_STRIP = NO;
				DEBUG_INFORMATION_FORMAT = "dwarf-with-dsym";
				ENABLE_NS_ASSERTIONS = NO;
				ENABLE_STRICT_OBJC_MSGSEND = YES;
				GCC_C_LANGUAGE_STANDARD = gnu99;
				GCC_NO_COMMON_BLOCKS = YES;
				GCC_WARN_64_TO_32_BIT_CONVERSION = YES;
				GCC_WARN_ABOUT_RETURN_TYPE = YES_ERROR;
				GCC_WARN_UNDECLARED_SELECTOR = YES;
				GCC_WARN_UNINITIALIZED_AUTOS = YES_AGGRESSIVE;
				GCC_WARN_UNUSED_FUNCTION = YES;
				GCC_WARN_UNUSED_VARIABLE = YES;
				IPHONEOS_DEPLOYMENT_TARGET = 9.2;
				MTL_ENABLE_DEBUG_INFO = NO;
				SDKROOT = iphoneos;
				TARGETED_DEVICE_FAMILY = "1,2";
				VALIDATE_PRODUCT = YES;
			};
			name = Release;
		};
		FA91FFB31CF061A7003F9C92 /* Debug */ = {
			isa = XCBuildConfiguration;
			buildSettings = {
				ASSETCATALOG_COMPILER_APPICON_NAME = AppIcon;
				INFOPLIST_FILE = Filterer/Info.plist;
				LD_RUNPATH_SEARCH_PATHS = "$(inherited) @executable_path/Frameworks";
				PRODUCT_BUNDLE_IDENTIFIER = smallape.Filterer;
				PRODUCT_NAME = "$(TARGET_NAME)";
			};
			name = Debug;
		};
		FA91FFB41CF061A7003F9C92 /* Release */ = {
			isa = XCBuildConfiguration;
			buildSettings = {
				ASSETCATALOG_COMPILER_APPICON_NAME = AppIcon;
				INFOPLIST_FILE = Filterer/Info.plist;
				LD_RUNPATH_SEARCH_PATHS = "$(inherited) @executable_path/Frameworks";
				PRODUCT_BUNDLE_IDENTIFIER = smallape.Filterer;
				PRODUCT_NAME = "$(TARGET_NAME)";
			};
			name = Release;
		};
		FA91FFB61CF061A7003F9C92 /* Debug */ = {
			isa = XCBuildConfiguration;
			buildSettings = {
				BUNDLE_LOADER = "$(TEST_HOST)";
				INFOPLIST_FILE = FiltererTests/Info.plist;
				LD_RUNPATH_SEARCH_PATHS = "$(inherited) @executable_path/Frameworks @loader_path/Frameworks";
				PRODUCT_BUNDLE_IDENTIFIER = smallape.FiltererTests;
				PRODUCT_NAME = "$(TARGET_NAME)";
				TEST_HOST = "$(BUILT_PRODUCTS_DIR)/Filterer.app/Filterer";
			};
			name = Debug;
		};
		FA91FFB71CF061A7003F9C92 /* Release */ = {
			isa = XCBuildConfiguration;
			buildSettings = {
				BUNDLE_LOADER = "$(TEST_HOST)";
				INFOPLIST_FILE = FiltererTests/Info.plist;
				LD_RUNPATH_SEARCH_PATHS = "$(inherited) @executable_path/Frameworks @loader_path/Frameworks";
				PRODUCT_BUNDLE_IDENTIFIER = smallape.FiltererTests;
				PRODUCT_NAME = "$(TARGET_NAME)";
				TEST_HOST = "$(BUILT_PRODUCTS_DIR)/Filterer.app/Filterer";
			};
			name = Release;
		};
		FA91FFB91CF061A7003F9C92 /* Debug */ = {
			isa = XCBuildConfiguration;
			buildSettings = {
				INFOPLIST_FILE = FiltererUITests/Info.plist;
				LD_RUNPATH_SEARCH_PATHS = "$(inherited) @executable_path/Frameworks @loader_path/Frameworks";
				PRODUCT_BUNDLE_IDENTIFIER = smallape.FiltererUITests;
				PRODUCT_NAME = "$(TARGET_NAME)";
				TEST_TARGET_NAME = Filterer;
				USES_XCTRUNNER = YES;
			};
			name = Debug;
		};
		FA91FFBA1CF061A7003F9C92 /* Release */ = {
			isa = XCBuildConfiguration;
			buildSettings = {
				INFOPLIST_FILE = FiltererUITests/Info.plist;
				LD_RUNPATH_SEARCH_PATHS = "$(inherited) @executable_path/Frameworks @loader_path/Frameworks";
				PRODUCT_BUNDLE_IDENTIFIER = smallape.FiltererUITests;
				PRODUCT_NAME = "$(TARGET_NAME)";
				TEST_TARGET_NAME = Filterer;
				USES_XCTRUNNER = YES;
			};
			name = Release;
		};
/* End XCBuildConfiguration section */

/* Begin XCConfigurationList section */
		FA91FF851CF061A7003F9C92 /* Build configuration list for PBXProject "Filterer" */ = {
			isa = XCConfigurationList;
			buildConfigurations = (
				FA91FFB01CF061A7003F9C92 /* Debug */,
				FA91FFB11CF061A7003F9C92 /* Release */,
			);
			defaultConfigurationIsVisible = 0;
			defaultConfigurationName = Release;
		};
		FA91FFB21CF061A7003F9C92 /* Build configuration list for PBXNativeTarget "Filterer" */ = {
			isa = XCConfigurationList;
			buildConfigurations = (
				FA91FFB31CF061A7003F9C92 /* Debug */,
				FA91FFB41CF061A7003F9C92 /* Release */,
			);
			defaultConfigurationIsVisible = 0;
			defaultConfigurationName = Release;
		};
		FA91FFB51CF061A7003F9C92 /* Build configuration list for PBXNativeTarget "FiltererTests" */ = {
			isa = XCConfigurationList;
			buildConfigurations = (
				FA91FFB61CF061A7003F9C92 /* Debug */,
				FA91FFB71CF061A7003F9C92 /* Release */,
			);
			defaultConfigurationIsVisible = 0;
			defaultConfigurationName = Release;
		};
		FA91FFB81CF061A7003F9C92 /* Build configuration list for PBXNativeTarget "FiltererUITests" */ = {
			isa = XCConfigurationList;
			buildConfigurations = (
				FA91FFB91CF061A7003F9C92 /* Debug */,
				FA91FFBA1CF061A7003F9C92 /* Release */,
			);
			defaultConfigurationIsVisible = 0;
			defaultConfigurationName = Release;
		};
/* End XCConfigurationList section */
	};
	rootObject = FA91FF821CF061A7003F9C92 /* Project object */;
}
